Microsoft Visual Studio Solution File, Format Version 12.00
# Visual Studio Version 17
VisualStudioVersion = 17.8.34309.116
MinimumVisualStudioVersion = 10.0.40219.1
Project("{2150E333-8FDC-42A3-9474-1A3956D46DE8}") = "src", "src", "{11111111-1111-1111-1111-111111111111}"
EndProject
Project("{2150E333-8FDC-42A3-9474-1A3956D46DE8}") = "tests", "tests", "{22222222-2222-2222-2222-222222222222}"
EndProject
Project("{9A19103F-16F7-4668-BE54-9A1E7A4F7556}") = "MOTORFISCALSAPB1.Domain", "src\MOTORFISCALSAPB1.Domain\MOTORFISCALSAPB1.Domain.csproj", "{AAAAAAAA-0001-0001-0001-000000000001}"
EndProject
Project("{9A19103F-16F7-4668-BE54-9A1E7A4F7556}") = "MOTORFISCALSAPB1.Shared", "src\MOTORFISCALSAPB1.Shared\MOTORFISCALSAPB1.Shared.csproj", "{AAAAAAAA-0002-0002-0002-000000000002}"
EndProject
Project("{9A19103F-16F7-4668-BE54-9A1E7A4F7556}") = "MOTORFISCALSAPB1.Application", "src\MOTORFISCALSAPB1.Application\MOTORFISCALSAPB1.Application.csproj", "{AAAAAAAA-0003-0003-0003-000000000003}"
EndProject
Project("{9A19103F-16F7-4668-BE54-9A1E7A4F7556}") = "MOTORFISCALSAPB1.Infrastructure", "src\MOTORFISCALSAPB1.Infrastructure\MOTORFISCALSAPB1.Infrastructure.csproj", "{AAAAAAAA-0004-0004-0004-000000000004}"
EndProject
Project("{9A19103F-16F7-4668-BE54-9A1E7A4F7556}") = "MOTORFISCALSAPB1.Integration.SapB1", "src\MOTORFISCALSAPB1.Integration.SapB1\MOTORFISCALSAPB1.Integration.SapB1.csproj", "{AAAAAAAA-0005-0005-0005-000000000005}"
EndProject
Project("{9A19103F-16F7-4668-BE54-9A1E7A4F7556}") = "MOTORFISCALSAPB1.Api", "src\MOTORFISCALSAPB1.Api\MOTORFISCALSAPB1.Api.csproj", "{AAAAAAAA-0006-0006-0006-000000000006}"
EndProject
Project("{9A19103F-16F7-4668-BE54-9A1E7A4F7556}") = "MOTORFISCALSAPB1.Worker", "src\MOTORFISCALSAPB1.Worker\MOTORFISCALSAPB1.Worker.csproj", "{AAAAAAAA-0007-0007-0007-000000000007}"
EndProject
Project("{9A19103F-16F7-4668-BE54-9A1E7A4F7556}") = "MOTORFISCALSAPB1.Addon", "src\MOTORFISCALSAPB1.Addon\MOTORFISCALSAPB1.Addon.csproj", "{AAAAAAAA-0008-0008-0008-000000000008}"
EndProject
Project("{9A19103F-16F7-4668-BE54-9A1E7A4F7556}") = "MOTORFISCALSAPB1.Tests", "tests\MOTORFISCALSAPB1.Tests\MOTORFISCALSAPB1.Tests.csproj", "{AAAAAAAA-0009-0009-0009-000000000009}"
EndProject
Global
	GlobalSection(SolutionConfigurationPlatforms) = preSolution
		Debug|Any CPU = Debug|Any CPU
		Release|Any CPU = Release|Any CPU
	EndGlobalSection
	GlobalSection(ProjectConfigurationPlatforms) = postSolution
		{AAAAAAAA-0001-0001-0001-000000000001}.Debug|Any CPU.ActiveCfg = Debug|Any CPU
		{AAAAAAAA-0001-0001-0001-000000000001}.Debug|Any CPU.Build.0 = Debug|Any CPU
		{AAAAAAAA-0001-0001-0001-000000000001}.Release|Any CPU.ActiveCfg = Release|Any CPU
		{AAAAAAAA-0001-0001-0001-000000000001}.Release|Any CPU.Build.0 = Release|Any CPU
		{AAAAAAAA-0002-0002-0002-000000000002}.Debug|Any CPU.ActiveCfg = Debug|Any CPU
		{AAAAAAAA-0002-0002-0002-000000000002}.Debug|Any CPU.Build.0 = Debug|Any CPU
		{AAAAAAAA-0002-0002-0002-000000000002}.Release|Any CPU.ActiveCfg = Release|Any CPU
		{AAAAAAAA-0002-0002-0002-000000000002}.Release|Any CPU.Build.0 = Release|Any CPU
		{AAAAAAAA-0003-0003-0003-000000000003}.Debug|Any CPU.ActiveCfg = Debug|Any CPU
		{AAAAAAAA-0003-0003-0003-000000000003}.Debug|Any CPU.Build.0 = Debug|Any CPU
		{AAAAAAAA-0003-0003-0003-000000000003}.Release|Any CPU.ActiveCfg = Release|Any CPU
		{AAAAAAAA-0003-0003-0003-000000000003}.Release|Any CPU.Build.0 = Release|Any CPU
		{AAAAAAAA-0004-0004-0004-000000000004}.Debug|Any CPU.ActiveCfg = Debug|Any CPU
		{AAAAAAAA-0004-0004-0004-000000000004}.Debug|Any CPU.Build.0 = Debug|Any CPU
		{AAAAAAAA-0004-0004-0004-000000000004}.Release|Any CPU.ActiveCfg = Release|Any CPU
		{AAAAAAAA-0004-0004-0004-000000000004}.Release|Any CPU.Build.0 = Release|Any CPU
		{AAAAAAAA-0005-0005-0005-000000000005}.Debug|Any CPU.ActiveCfg = Debug|Any CPU
		{AAAAAAAA-0005-0005-0005-000000000005}.Debug|Any CPU.Build.0 = Debug|Any CPU
		{AAAAAAAA-0005-0005-0005-000000000005}.Release|Any CPU.ActiveCfg = Release|Any CPU
		{AAAAAAAA-0005-0005-0005-000000000005}.Release|Any CPU.Build.0 = Release|Any CPU
		{AAAAAAAA-0006-0006-0006-000000000006}.Debug|Any CPU.ActiveCfg = Debug|Any CPU
		{AAAAAAAA-0006-0006-0006-000000000006}.Debug|Any CPU.Build.0 = Debug|Any CPU
		{AAAAAAAA-0006-0006-0006-000000000006}.Release|Any CPU.ActiveCfg = Release|Any CPU
		{AAAAAAAA-0006-0006-0006-000000000006}.Release|Any CPU.Build.0 = Release|Any CPU
		{AAAAAAAA-0007-0007-0007-000000000007}.Debug|Any CPU.ActiveCfg = Debug|Any CPU
		{AAAAAAAA-0007-0007-0007-000000000007}.Debug|Any CPU.Build.0 = Debug|Any CPU
		{AAAAAAAA-0007-0007-0007-000000000007}.Release|Any CPU.ActiveCfg = Release|Any CPU
		{AAAAAAAA-0007-0007-0007-000000000007}.Release|Any CPU.Build.0 = Release|Any CPU
		{AAAAAAAA-0008-0008-0008-000000000008}.Debug|Any CPU.ActiveCfg = Debug|Any CPU
		{AAAAAAAA-0008-0008-0008-000000000008}.Debug|Any CPU.Build.0 = Debug|Any CPU
		{AAAAAAAA-0008-0008-0008-000000000008}.Release|Any CPU.ActiveCfg = Release|Any CPU
		{AAAAAAAA-0008-0008-0008-000000000008}.Release|Any CPU.Build.0 = Release|Any CPU
		{AAAAAAAA-0009-0009-0009-000000000009}.Debug|Any CPU.ActiveCfg = Debug|Any CPU
		{AAAAAAAA-0009-0009-0009-000000000009}.Debug|Any CPU.Build.0 = Debug|Any CPU
		{AAAAAAAA-0009-0009-0009-000000000009}.Release|Any CPU.ActiveCfg = Release|Any CPU
		{AAAAAAAA-0009-0009-0009-000000000009}.Release|Any CPU.Build.0 = Release|Any CPU
	EndGlobalSection
	GlobalSection(NestedProjects) = preSolution
		{AAAAAAAA-0001-0001-0001-000000000001} = {11111111-1111-1111-1111-111111111111}
		{AAAAAAAA-0002-0002-0002-000000000002} = {11111111-1111-1111-1111-111111111111}
		{AAAAAAAA-0003-0003-0003-000000000003} = {11111111-1111-1111-1111-111111111111}
		{AAAAAAAA-0004-0004-0004-000000000004} = {11111111-1111-1111-1111-111111111111}
		{AAAAAAAA-0005-0005-0005-000000000005} = {11111111-1111-1111-1111-111111111111}
		{AAAAAAAA-0006-0006-0006-000000000006} = {11111111-1111-1111-1111-111111111111}
		{AAAAAAAA-0007-0007-0007-000000000007} = {11111111-1111-1111-1111-111111111111}
		{AAAAAAAA-0008-0008-0008-000000000008} = {11111111-1111-1111-1111-111111111111}
		{AAAAAAAA-0009-0009-0009-000000000009} = {22222222-2222-2222-2222-222222222222}
	EndGlobalSection
EndGlobal
